
Microsoft Visual Studio Solution File, Format Version 12.00
# Visual Studio 15
Project("{FAE04EC0-301F-11D3-BF4B-00C04F79EFBC}") = "Assembly-CSharp", "Assembly-CSharp.csproj", "{72503947-A1B7-DB43-D553-EF2409A10202}"
EndProject
Project("{FAE04EC0-301F-11D3-BF4B-00C04F79EFBC}") = "Assembly-CSharp-Editor", "Assembly-CSharp-Editor.csproj", "{13E4FC5C-840D-3CB5-07B1-AD3476380146}"
EndProject
Global
	GlobalSection(SolutionConfigurationPlatforms) = preSolution
		Debug|Any CPU = Debug|Any CPU
		Release|Any CPU = Release|Any CPU
	EndGlobalSection
	GlobalSection(ProjectConfigurationPlatforms) = postSolution
		{72503947-A1B7-DB43-D553-EF2409A10202}.Debug|Any CPU.ActiveCfg = Debug|Any CPU
		{72503947-A1B7-DB43-D553-EF2409A10202}.Debug|Any CPU.Build.0 = Debug|Any CPU
		{72503947-A1B7-DB43-D553-EF2409A10202}.Release|Any CPU.ActiveCfg = Release|Any CPU
		{72503947-A1B7-DB43-D553-EF2409A10202}.Release|Any CPU.Build.0 = Release|Any CPU
		{13E4FC5C-840D-3CB5-07B1-AD3476380146}.Debug|Any CPU.ActiveCfg = Debug|Any CPU
		{13E4FC5C-840D-3CB5-07B1-AD3476380146}.Debug|Any CPU.Build.0 = Debug|Any CPU
		{13E4FC5C-840D-3CB5-07B1-AD3476380146}.Release|Any CPU.ActiveCfg = Release|Any CPU
		{13E4FC5C-840D-3CB5-07B1-AD3476380146}.Release|Any CPU.Build.0 = Release|Any CPU
	EndGlobalSection
	GlobalSection(SolutionProperties) = preSolution
		HideSolutionNode = FALSE
	EndGlobalSection
EndGlobal
